// !$*UTF8*$!
{
	archiveVersion = 1;
	classes = {
	};
	objectVersion = 46;
	objects = {

/* Begin PBXBuildFile section */
		93F036B61DE939D400EF3056 /* AppDelegate.swift in Sources */ = {isa = PBXBuildFile; fileRef = 93F036B51DE939D400EF3056 /* AppDelegate.swift */; };
		93F036B81DE939D400EF3056 /* ViewController.swift in Sources */ = {isa = PBXBuildFile; fileRef = 93F036B71DE939D400EF3056 /* ViewController.swift */; };
		93F036BB1DE939D400EF3056 /* Main.storyboard in Resources */ = {isa = PBXBuildFile; fileRef = 93F036B91DE939D400EF3056 /* Main.storyboard */; };
		93F036BD1DE939D400EF3056 /* Assets.xcassets in Resources */ = {isa = PBXBuildFile; fileRef = 93F036BC1DE939D400EF3056 /* Assets.xcassets */; };
		93F036C01DE939D400EF3056 /* LaunchScreen.storyboard in Resources */ = {isa = PBXBuildFile; fileRef = 93F036BE1DE939D400EF3056 /* LaunchScreen.storyboard */; };
		93F036CB1DE939D400EF3056 /* Demo_Swift_2Tests.swift in Sources */ = {isa = PBXBuildFile; fileRef = 93F036CA1DE939D400EF3056 /* Demo_Swift_2Tests.swift */; };
		93F036D61DE939D400EF3056 /* Demo_Swift_2UITests.swift in Sources */ = {isa = PBXBuildFile; fileRef = 93F036D51DE939D400EF3056 /* Demo_Swift_2UITests.swift */; };
/* End PBXBuildFile section */

/* Begin PBXContainerItemProxy section */
		93F036C71DE939D400EF3056 /* PBXContainerItemProxy */ = {
			isa = PBXContainerItemProxy;
			containerPortal = 93F036AA1DE939D400EF3056 /* Project object */;
			proxyType = 1;
			remoteGlobalIDString = 93F036B11DE939D400EF3056;
			remoteInfo = Demo_Swift_2;
		};
		93F036D21DE939D400EF3056 /* PBXContainerItemProxy */ = {
			isa = PBXContainerItemProxy;
			containerPortal = 93F036AA1DE939D400EF3056 /* Project object */;
			proxyType = 1;
			remoteGlobalIDString = 93F036B11DE939D400EF3056;
			remoteInfo = Demo_Swift_2;
		};
/* End PBXContainerItemProxy section */

/* Begin PBXFileReference section */
		93F036B21DE939D400EF3056 /* Demo_Swift_2.app */ = {isa = PBXFileReference; explicitFileType = wrapper.application; includeInIndex = 0; path = Demo_Swift_2.app; sourceTree = BUILT_PRODUCTS_DIR; };
		93F036B51DE939D400EF3056 /* AppDelegate.swift */ = {isa = PBXFileReference; lastKnownFileType = sourcecode.swift; path = AppDelegate.swift; sourceTree = "<group>"; };
		93F036B71DE939D400EF3056 /* ViewController.swift */ = {isa = PBXFileReference; lastKnownFileType = sourcecode.swift; path = ViewController.swift; sourceTree = "<group>"; };
		93F036BA1DE939D400EF3056 /* Base */ = {isa = PBXFileReference; lastKnownFileType = file.storyboard; name = Base; path = Base.lproj/Main.storyboard; sourceTree = "<group>"; };
		93F036BC1DE939D400EF3056 /* Assets.xcassets */ = {isa = PBXFileReference; lastKnownFileType = folder.assetcatalog; path = Assets.xcassets; sourceTree = "<group>"; };
		93F036BF1DE939D400EF3056 /* Base */ = {isa = PBXFileReference; lastKnownFileType = file.storyboard; name = Base; path = Base.lproj/LaunchScreen.storyboard; sourceTree = "<group>"; };
		93F036C11DE939D400EF3056 /* Info.plist */ = {isa = PBXFileReference; lastKnownFileType = text.plist.xml; path = Info.plist; sourceTree = "<group>"; };
		93F036C61DE939D400EF3056 /* Demo_Swift_2Tests.xctest */ = {isa = PBXFileReference; explicitFileType = wrapper.cfbundle; includeInIndex = 0; path = Demo_Swift_2Tests.xctest; sourceTree = BUILT_PRODUCTS_DIR; };
		93F036CA1DE939D400EF3056 /* Demo_Swift_2Tests.swift */ = {isa = PBXFileReference; lastKnownFileType = sourcecode.swift; path = Demo_Swift_2Tests.swift; sourceTree = "<group>"; };
		93F036CC1DE939D400EF3056 /* Info.plist */ = {isa = PBXFileReference; lastKnownFileType = text.plist.xml; path = Info.plist; sourceTree = "<group>"; };
		93F036D11DE939D400EF3056 /* Demo_Swift_2UITests.xctest */ = {isa = PBXFileReference; explicitFileType = wrapper.cfbundle; includeInIndex = 0; path = Demo_Swift_2UITests.xctest; sourceTree = BUILT_PRODUCTS_DIR; };
		93F036D51DE939D400EF3056 /* Demo_Swift_2UITests.swift */ = {isa = PBXFileReference; lastKnownFileType = sourcecode.swift; path = Demo_Swift_2UITests.swift; sourceTree = "<group>"; };
		93F036D71DE939D400EF3056 /* Info.plist */ = {isa = PBXFileReference; lastKnownFileType = text.plist.xml; path = Info.plist; sourceTree = "<group>"; };
/* End PBXFileReference section */

/* Begin PBXFrameworksBuildPhase section */
		93F036AF1DE939D400EF3056 /* Frameworks */ = {
			isa = PBXFrameworksBuildPhase;
			buildActionMask = 2147483647;
			files = (
			);
			runOnlyForDeploymentPostprocessing = 0;
		};
		93F036C31DE939D400EF3056 /* Frameworks */ = {
			isa = PBXFrameworksBuildPhase;
			buildActionMask = 2147483647;
			files = (
			);
			runOnlyForDeploymentPostprocessing = 0;
		};
		93F036CE1DE939D400EF3056 /* Frameworks */ = {
			isa = PBXFrameworksBuildPhase;
			buildActionMask = 2147483647;
			files = (
			);
			runOnlyForDeploymentPostprocessing = 0;
		};
/* End PBXFrameworksBuildPhase section */

/* Begin PBXGroup section */
		93F036A91DE939D400EF3056 = {
			isa = PBXGroup;
			children = (
				93F036B41DE939D400EF3056 /* Demo_Swift_2 */,
				93F036C91DE939D400EF3056 /* Demo_Swift_2Tests */,
				93F036D41DE939D400EF3056 /* Demo_Swift_2UITests */,
				93F036B31DE939D400EF3056 /* Products */,
			);
			sourceTree = "<group>";
		};
		93F036B31DE939D400EF3056 /* Products */ = {
			isa = PBXGroup;
			children = (
				93F036B21DE939D400EF3056 /* Demo_Swift_2.app */,
				93F036C61DE939D400EF3056 /* Demo_Swift_2Tests.xctest */,
				93F036D11DE939D400EF3056 /* Demo_Swift_2UITests.xctest */,
			);
			name = Products;
			sourceTree = "<group>";
		};
		93F036B41DE939D400EF3056 /* Demo_Swift_2 */ = {
			isa = PBXGroup;
			children = (
				93F036B51DE939D400EF3056 /* AppDelegate.swift */,
				93F036B71DE939D400EF3056 /* ViewController.swift */,
				93F036B91DE939D400EF3056 /* Main.storyboard */,
				93F036BC1DE939D400EF3056 /* Assets.xcassets */,
				93F036BE1DE939D400EF3056 /* LaunchScreen.storyboard */,
				93F036C11DE939D400EF3056 /* Info.plist */,
			);
			path = Demo_Swift_2;
			sourceTree = "<group>";
		};
		93F036C91DE939D400EF3056 /* Demo_Swift_2Tests */ = {
			isa = PBXGroup;
			children = (
				93F036CA1DE939D400EF3056 /* Demo_Swift_2Tests.swift */,
				93F036CC1DE939D400EF3056 /* Info.plist */,
			);
			path = Demo_Swift_2Tests;
			sourceTree = "<group>";
		};
		93F036D41DE939D400EF3056 /* Demo_Swift_2UITests */ = {
			isa = PBXGroup;
			children = (
				93F036D51DE939D400EF3056 /* Demo_Swift_2UITests.swift */,
				93F036D71DE939D400EF3056 /* Info.plist */,
			);
			path = Demo_Swift_2UITests;
			sourceTree = "<group>";
		};
/* End PBXGroup section */

/* Begin PBXNativeTarget section */
		93F036B11DE939D400EF3056 /* Demo_Swift_2 */ = {
			isa = PBXNativeTarget;
			buildConfigurationList = 93F036DA1DE939D400EF3056 /* Build configuration list for PBXNativeTarget "Demo_Swift_2" */;
			buildPhases = (
				93F036AE1DE939D400EF3056 /* Sources */,
				93F036AF1DE939D400EF3056 /* Frameworks */,
				93F036B01DE939D400EF3056 /* Resources */,
			);
			buildRules = (
			);
			dependencies = (
			);
			name = Demo_Swift_2;
			productName = Demo_Swift_2;
			productReference = 93F036B21DE939D400EF3056 /* Demo_Swift_2.app */;
			productType = "com.apple.product-type.application";
		};
		93F036C51DE939D400EF3056 /* Demo_Swift_2Tests */ = {
			isa = PBXNativeTarget;
			buildConfigurationList = 93F036DD1DE939D400EF3056 /* Build configuration list for PBXNativeTarget "Demo_Swift_2Tests" */;
			buildPhases = (
				93F036C21DE939D400EF3056 /* Sources */,
				93F036C31DE939D400EF3056 /* Frameworks */,
				93F036C41DE939D400EF3056 /* Resources */,
			);
			buildRules = (
			);
			dependencies = (
				93F036C81DE939D400EF3056 /* PBXTargetDependency */,
			);
			name = Demo_Swift_2Tests;
			productName = Demo_Swift_2Tests;
			productReference = 93F036C61DE939D400EF3056 /* Demo_Swift_2Tests.xctest */;
			productType = "com.apple.product-type.bundle.unit-test";
		};
		93F036D01DE939D400EF3056 /* Demo_Swift_2UITests */ = {
			isa = PBXNativeTarget;
			buildConfigurationList = 93F036E01DE939D400EF3056 /* Build configuration list for PBXNativeTarget "Demo_Swift_2UITests" */;
			buildPhases = (
				93F036CD1DE939D400EF3056 /* Sources */,
				93F036CE1DE939D400EF3056 /* Frameworks */,
				93F036CF1DE939D400EF3056 /* Resources */,
			);
			buildRules = (
			);
			dependencies = (
				93F036D31DE939D400EF3056 /* PBXTargetDependency */,
			);
			name = Demo_Swift_2UITests;
			productName = Demo_Swift_2UITests;
			productReference = 93F036D11DE939D400EF3056 /* Demo_Swift_2UITests.xctest */;
			productType = "com.apple.product-type.bundle.ui-testing";
		};
/* End PBXNativeTarget section */

/* Begin PBXProject section */
		93F036AA1DE939D400EF3056 /* Project object */ = {
			isa = PBXProject;
			attributes = {
				LastSwiftUpdateCheck = 0810;
				LastUpgradeCheck = 0810;
				ORGANIZATIONNAME = tuanhoanganhta;
				TargetAttributes = {
					93F036B11DE939D400EF3056 = {
						CreatedOnToolsVersion = 8.1;
						ProvisioningStyle = Automatic;
					};
					93F036C51DE939D400EF3056 = {
						CreatedOnToolsVersion = 8.1;
						ProvisioningStyle = Automatic;
						TestTargetID = 93F036B11DE939D400EF3056;
					};
					93F036D01DE939D400EF3056 = {
						CreatedOnToolsVersion = 8.1;
						ProvisioningStyle = Automatic;
						TestTargetID = 93F036B11DE939D400EF3056;
					};
				};
			};
			buildConfigurationList = 93F036AD1DE939D400EF3056 /* Build configuration list for PBXProject "Demo_Swift_2" */;
			compatibilityVersion = "Xcode 3.2";
			developmentRegion = English;
			hasScannedForEncodings = 0;
			knownRegions = (
				en,
				Base,
			);
			mainGroup = 93F036A91DE939D400EF3056;
			productRefGroup = 93F036B31DE939D400EF3056 /* Products */;
			projectDirPath = "";
			projectRoot = "";
			targets = (
				93F036B11DE939D400EF3056 /* Demo_Swift_2 */,
				93F036C51DE939D400EF3056 /* Demo_Swift_2Tests */,
				93F036D01DE939D400EF3056 /* Demo_Swift_2UITests */,
			);
		};
/* End PBXProject section */

/* Begin PBXResourcesBuildPhase section */
		93F036B01DE939D400EF3056 /* Resources */ = {
			isa = PBXResourcesBuildPhase;
			buildActionMask = 2147483647;
			files = (
				93F036C01DE939D400EF3056 /* LaunchScreen.storyboard in Resources */,
				93F036BD1DE939D400EF3056 /* Assets.xcassets in Resources */,
				93F036BB1DE939D400EF3056 /* Main.storyboard in Resources */,
			);
			runOnlyForDeploymentPostprocessing = 0;
		};
		93F036C41DE939D400EF3056 /* Resources */ = {
			isa = PBXResourcesBuildPhase;
			buildActionMask = 2147483647;
			files = (
			);
			runOnlyForDeploymentPostprocessing = 0;
		};
		93F036CF1DE939D400EF3056 /* Resources */ = {
			isa = PBXResourcesBuildPhase;
			buildActionMask = 2147483647;
			files = (
			);
			runOnlyForDeploymentPostprocessing = 0;
		};
/* End PBXResourcesBuildPhase section */

/* Begin PBXSourcesBuildPhase section */
		93F036AE1DE939D400EF3056 /* Sources */ = {
			isa = PBXSourcesBuildPhase;
			buildActionMask = 2147483647;
			files = (
				93F036B81DE939D400EF3056 /* ViewController.swift in Sources */,
				93F036B61DE939D400EF3056 /* AppDelegate.swift in Sources */,
			);
			runOnlyForDeploymentPostprocessing = 0;
		};
		93F036C21DE939D400EF3056 /* Sources */ = {
			isa = PBXSourcesBuildPhase;
			buildActionMask = 2147483647;
			files = (
				93F036CB1DE939D400EF3056 /* Demo_Swift_2Tests.swift in Sources */,
			);
			runOnlyForDeploymentPostprocessing = 0;
		};
		93F036CD1DE939D400EF3056 /* Sources */ = {
			isa = PBXSourcesBuildPhase;
			buildActionMask = 2147483647;
			files = (
				93F036D61DE939D400EF3056 /* Demo_Swift_2UITests.swift in Sources */,
			);
			runOnlyForDeploymentPostprocessing = 0;
		};
/* End PBXSourcesBuildPhase section */

/* Begin PBXTargetDependency section */
		93F036C81DE939D400EF3056 /* PBXTargetDependency */ = {
			isa = PBXTargetDependency;
			target = 93F036B11DE939D400EF3056 /* Demo_Swift_2 */;
			targetProxy = 93F036C71DE939D400EF3056 /* PBXContainerItemProxy */;
		};
		93F036D31DE939D400EF3056 /* PBXTargetDependency */ = {
			isa = PBXTargetDependency;
			target = 93F036B11DE939D400EF3056 /* Demo_Swift_2 */;
			targetProxy = 93F036D21DE939D400EF3056 /* PBXContainerItemProxy */;
		};
/* End PBXTargetDependency section */

/* Begin PBXVariantGroup section */
		93F036B91DE939D400EF3056 /* Main.storyboard */ = {
			isa = PBXVariantGroup;
			children = (
				93F036BA1DE939D400EF3056 /* Base */,
			);
			name = Main.storyboard;
			sourceTree = "<group>";
		};
		93F036BE1DE939D400EF3056 /* LaunchScreen.storyboard */ = {
			isa = PBXVariantGroup;
			children = (
				93F036BF1DE939D400EF3056 /* Base */,
			);
			name = LaunchScreen.storyboard;
			sourceTree = "<group>";
		};
/* End PBXVariantGroup section */

/* Begin XCBuildConfiguration section */
		93F036D81DE939D400EF3056 /* Debug */ = {
			isa = XCBuildConfiguration;
			buildSettings = {
				ALWAYS_SEARCH_USER_PATHS = NO;
				CLANG_ANALYZER_NONNULL = YES;
				CLANG_CXX_LANGUAGE_STANDARD = "gnu++0x";
				CLANG_CXX_LIBRARY = "libc++";
				CLANG_ENABLE_MODULES = YES;
				CLANG_ENABLE_OBJC_ARC = YES;
				CLANG_WARN_BOOL_CONVERSION = YES;
				CLANG_WARN_CONSTANT_CONVERSION = YES;
				CLANG_WARN_DIRECT_OBJC_ISA_USAGE = YES_ERROR;
				CLANG_WARN_DOCUMENTATION_COMMENTS = YES;
				CLANG_WARN_EMPTY_BODY = YES;
				CLANG_WARN_ENUM_CONVERSION = YES;
				CLANG_WARN_INFINITE_RECURSION = YES;
				CLANG_WARN_INT_CONVERSION = YES;
				CLANG_WARN_OBJC_ROOT_CLASS = YES_ERROR;
				CLANG_WARN_SUSPICIOUS_MOVES = YES;
				CLANG_WARN_UNREACHABLE_CODE = YES;
				CLANG_WARN__DUPLICATE_METHOD_MATCH = YES;
				"CODE_SIGN_IDENTITY[sdk=iphoneos*]" = "iPhone Developer";
				COPY_PHASE_STRIP = NO;
				DEBUG_INFORMATION_FORMAT = dwarf;
				ENABLE_STRICT_OBJC_MSGSEND = YES;
				ENABLE_TESTABILITY = YES;
				GCC_C_LANGUAGE_STANDARD = gnu99;
				GCC_DYNAMIC_NO_PIC = NO;
				GCC_NO_COMMON_BLOCKS = YES;
				GCC_OPTIMIZATION_LEVEL = 0;
				GCC_PREPROCESSOR_DEFINITIONS = (
					"DEBUG=1",
					"$(inherited)",
				);
				GCC_WARN_64_TO_32_BIT_CONVERSION = YES;
				GCC_WARN_ABOUT_RETURN_TYPE = YES_ERROR;
				GCC_WARN_UNDECLARED_SELECTOR = YES;
				GCC_WARN_UNINITIALIZED_AUTOS = YES_AGGRESSIVE;
				GCC_WARN_UNUSED_FUNCTION = YES;
				GCC_WARN_UNUSED_VARIABLE = YES;
				IPHONEOS_DEPLOYMENT_TARGET = 10.1;
				MTL_ENABLE_DEBUG_INFO = YES;
				ONLY_ACTIVE_ARCH = YES;
				SDKROOT = iphoneos;
				SWIFT_ACTIVE_COMPILATION_CONDITIONS = DEBUG;
				SWIFT_OPTIMIZATION_LEVEL = "-Onone";
			};
			name = Debug;
		};
		93F036D91DE939D400EF3056 /* Release */ = {
			isa = XCBuildConfiguration;
			buildSettings = {
				ALWAYS_SEARCH_USER_PATHS = NO;
				CLANG_ANALYZER_NONNULL = YES;
				CLANG_CXX_LANGUAGE_STANDARD = "gnu++0x";
				CLANG_CXX_LIBRARY = "libc++";
				CLANG_ENABLE_MODULES = YES;
				CLANG_ENABLE_OBJC_ARC = YES;
				CLANG_WARN_BOOL_CONVERSION = YES;
				CLANG_WARN_CONSTANT_CONVERSION = YES;
				CLANG_WARN_DIRECT_OBJC_ISA_USAGE = YES_ERROR;
				CLANG_WARN_DOCUMENTATION_COMMENTS = YES;
				CLANG_WARN_EMPTY_BODY = YES;
				CLANG_WARN_ENUM_CONVERSION = YES;
				CLANG_WARN_INFINITE_RECURSION = YES;
				CLANG_WARN_INT_CONVERSION = YES;
				CLANG_WARN_OBJC_ROOT_CLASS = YES_ERROR;
				CLANG_WARN_SUSPICIOUS_MOVES = YES;
				CLANG_WARN_UNREACHABLE_CODE = YES;
				CLANG_WARN__DUPLICATE_METHOD_MATCH = YES;
				"CODE_SIGN_IDENTITY[sdk=iphoneos*]" = "iPhone Developer";
				COPY_PHASE_STRIP = NO;
				DEBUG_INFORMATION_FORMAT = "dwarf-with-dsym";
				ENABLE_NS_ASSERTIONS = NO;
				ENABLE_STRICT_OBJC_MSGSEND = YES;
				GCC_C_LANGUAGE_STANDARD = gnu99;
				GCC_NO_COMMON_BLOCKS = YES;
				GCC_WARN_64_TO_32_BIT_CONVERSION = YES;
				GCC_WARN_ABOUT_RETURN_TYPE = YES_ERROR;
				GCC_WARN_UNDECLARED_SELECTOR = YES;
				GCC_WARN_UNINITIALIZED_AUTOS = YES_AGGRESSIVE;
				GCC_WARN_UNUSED_FUNCTION = YES;
				GCC_WARN_UNUSED_VARIABLE = YES;
				IPHONEOS_DEPLOYMENT_TARGET = 10.1;
				MTL_ENABLE_DEBUG_INFO = NO;
				SDKROOT = iphoneos;
				SWIFT_OPTIMIZATION_LEVEL = "-Owholemodule";
				VALIDATE_PRODUCT = YES;
			};
			name = Release;
		};
		93F036DB1DE939D400EF3056 /* Debug */ = {
			isa = XCBuildConfiguration;
			buildSettings = {
				ASSETCATALOG_COMPILER_APPICON_NAME = AppIcon;
				INFOPLIST_FILE = Demo_Swift_2/Info.plist;
				LD_RUNPATH_SEARCH_PATHS = "$(inherited) @executable_path/Frameworks";
				PRODUCT_BUNDLE_IDENTIFIER = "tuanhoanganhta.Demo-Swift-2";
				PRODUCT_NAME = "$(TARGET_NAME)";
				SWIFT_VERSION = 3.0;
			};
			name = Debug;
		};
		93F036DC1DE939D400EF3056 /* Release */ = {
			isa = XCBuildConfiguration;
			buildSettings = {
				ASSETCATALOG_COMPILER_APPICON_NAME = AppIcon;
				INFOPLIST_FILE = Demo_Swift_2/Info.plist;
				LD_RUNPATH_SEARCH_PATHS = "$(inherited) @executable_path/Frameworks";
				PRODUCT_BUNDLE_IDENTIFIER = "tuanhoanganhta.Demo-Swift-2";
				PRODUCT_NAME = "$(TARGET_NAME)";
				SWIFT_VERSION = 3.0;
			};
			name = Release;
		};
		93F036DE1DE939D400EF3056 /* Debug */ = {
			isa = XCBuildConfiguration;
			buildSettings = {
				ALWAYS_EMBED_SWIFT_STANDARD_LIBRARIES = YES;
				BUNDLE_LOADER = "$(TEST_HOST)";
				INFOPLIST_FILE = Demo_Swift_2Tests/Info.plist;
				LD_RUNPATH_SEARCH_PATHS = "$(inherited) @executable_path/Frameworks @loader_path/Frameworks";
				PRODUCT_BUNDLE_IDENTIFIER = "tuanhoanganhta.Demo-Swift-2Tests";
				PRODUCT_NAME = "$(TARGET_NAME)";
				SWIFT_VERSION = 3.0;
				TEST_HOST = "$(BUILT_PRODUCTS_DIR)/Demo_Swift_2.app/Demo_Swift_2";
			};
			name = Debug;
		};
		93F036DF1DE939D400EF3056 /* Release */ = {
			isa = XCBuildConfiguration;
			buildSettings = {
				ALWAYS_EMBED_SWIFT_STANDARD_LIBRARIES = YES;
				BUNDLE_LOADER = "$(TEST_HOST)";
				INFOPLIST_FILE = Demo_Swift_2Tests/Info.plist;
				LD_RUNPATH_SEARCH_PATHS = "$(inherited) @executable_path/Frameworks @loader_path/Frameworks";
				PRODUCT_BUNDLE_IDENTIFIER = "tuanhoanganhta.Demo-Swift-2Tests";
				PRODUCT_NAME = "$(TARGET_NAME)";
				SWIFT_VERSION = 3.0;
				TEST_HOST = "$(BUILT_PRODUCTS_DIR)/Demo_Swift_2.app/Demo_Swift_2";
			};
			name = Release;
		};
		93F036E11DE939D400EF3056 /* Debug */ = {
			isa = XCBuildConfiguration;
			buildSettings = {
				ALWAYS_EMBED_SWIFT_STANDARD_LIBRARIES = YES;
				INFOPLIST_FILE = Demo_Swift_2UITests/Info.plist;
				LD_RUNPATH_SEARCH_PATHS = "$(inherited) @executable_path/Frameworks @loader_path/Frameworks";
				PRODUCT_BUNDLE_IDENTIFIER = "tuanhoanganhta.Demo-Swift-2UITests";
				PRODUCT_NAME = "$(TARGET_NAME)";
				SWIFT_VERSION = 3.0;
				TEST_TARGET_NAME = Demo_Swift_2;
			};
			name = Debug;
		};
		93F036E21DE939D400EF3056 /* Release */ = {
			isa = XCBuildConfiguration;
			buildSettings = {
				ALWAYS_EMBED_SWIFT_STANDARD_LIBRARIES = YES;
				INFOPLIST_FILE = Demo_Swift_2UITests/Info.plist;
				LD_RUNPATH_SEARCH_PATHS = "$(inherited) @executable_path/Frameworks @loader_path/Frameworks";
				PRODUCT_BUNDLE_IDENTIFIER = "tuanhoanganhta.Demo-Swift-2UITests";
				PRODUCT_NAME = "$(TARGET_NAME)";
				SWIFT_VERSION = 3.0;
				TEST_TARGET_NAME = Demo_Swift_2;
			};
			name = Release;
		};
/* End XCBuildConfiguration section */

/* Begin XCConfigurationList section */
		93F036AD1DE939D400EF3056 /* Build configuration list for PBXProject "Demo_Swift_2" */ = {
			isa = XCConfigurationList;
			buildConfigurations = (
				93F036D81DE939D400EF3056 /* Debug */,
				93F036D91DE939D400EF3056 /* Release */,
			);
			defaultConfigurationIsVisible = 0;
			defaultConfigurationName = Release;
		};
		93F036DA1DE939D400EF3056 /* Build configuration list for PBXNativeTarget "Demo_Swift_2" */ = {
			isa = XCConfigurationList;
			buildConfigurations = (
				93F036DB1DE939D400EF3056 /* Debug */,
				93F036DC1DE939D400EF3056 /* Release */,
			);
			defaultConfigurationIsVisible = 0;
		};
		93F036DD1DE939D400EF3056 /* Build configuration list for PBXNativeTarget "Demo_Swift_2Tests" */ = {
			isa = XCConfigurationList;
			buildConfigurations = (
				93F036DE1DE939D400EF3056 /* Debug */,
				93F036DF1DE939D400EF3056 /* Release */,
			);
			defaultConfigurationIsVisible = 0;
		};
		93F036E01DE939D400EF3056 /* Build configuration list for PBXNativeTarget "Demo_Swift_2UITests" */ = {
			isa = XCConfigurationList;
			buildConfigurations = (
				93F036E11DE939D400EF3056 /* Debug */,
				93F036E21DE939D400EF3056 /* Release */,
			);
			defaultConfigurationIsVisible = 0;
		};
/* End XCConfigurationList section */
	};
	rootObject = 93F036AA1DE939D400EF3056 /* Project object */;
}
